
Microsoft Visual Studio Solution File, Format Version 12.00
# Visual Studio 2012
Project("{8BC9CEB8-8B4A-11D0-8D11-00A0C91BC942}") = "linkedlist", "linkedlist.vcxproj", "{9266DA1F-9977-49ED-84F7-2293F59773AE}"
EndProject
Global
	GlobalSection(SolutionConfigurationPlatforms) = preSolution
		Debug|Win32 = Debug|Win32
		Release|Win32 = Release|Win32
	EndGlobalSection
	GlobalSection(ProjectConfigurationPlatforms) = postSolution
		{9266DA1F-9977-49ED-84F7-2293F59773AE}.Debug|Win32.ActiveCfg = Debug|Win32
		{9266DA1F-9977-49ED-84F7-2293F59773AE}.Debug|Win32.Build.0 = Debug|Win32
		{9266DA1F-9977-49ED-84F7-2293F59773AE}.Release|Win32.ActiveCfg = Release|Win32
		{9266DA1F-9977-49ED-84F7-2293F59773AE}.Release|Win32.Build.0 = Release|Win32
	EndGlobalSection
	GlobalSection(SolutionProperties) = preSolution
		HideSolutionNode = FALSE
	EndGlobalSection
EndGlobal
